
Microsoft Visual Studio Solution File, Format Version 12.00
# Visual Studio 15
VisualStudioVersion = 15.0.28307.539
MinimumVisualStudioVersion = 10.0.40219.1
Project("{8BC9CEB8-8B4A-11D0-8D11-00A0C91BC942}") = "Image overlay", "Image overlay\Image overlay.vcxproj", "{6678E988-373F-4C29-B50D-5E50681150C1}"
EndProject
Global
	GlobalSection(SolutionConfigurationPlatforms) = preSolution
		Debug|x64 = Debug|x64
		Release|x64 = Release|x64
	EndGlobalSection
	GlobalSection(ProjectConfigurationPlatforms) = postSolution
		{6678E988-373F-4C29-B50D-5E50681150C1}.Debug|x64.ActiveCfg = Debug|x64
		{6678E988-373F-4C29-B50D-5E50681150C1}.Debug|x64.Build.0 = Debug|x64
		{6678E988-373F-4C29-B50D-5E50681150C1}.Release|x64.ActiveCfg = Release|x64
		{6678E988-373F-4C29-B50D-5E50681150C1}.Release|x64.Build.0 = Release|x64
	EndGlobalSection
	GlobalSection(SolutionProperties) = preSolution
		HideSolutionNode = FALSE
	EndGlobalSection
	GlobalSection(ExtensibilityGlobals) = postSolution
		SolutionGuid = {675E6163-BC87-4DA8-A8EA-85023037CAA6}
	EndGlobalSection
EndGlobal
